
Microsoft Visual Studio Solution File, Format Version 12.00
# Visual Studio Version 17
VisualStudioVersion = 17.4.33205.214
MinimumVisualStudioVersion = 10.0.40219.1
Project("{FAE04EC0-301F-11D3-BF4B-00C04F79EFBC}") = "Home work 31.05.2023(find file in document)", "Home work 31.05.2023(find file in document)\Home work 31.05.2023(find file in document).csproj", "{7EA84701-5247-433A-A60A-1ECEED6D69E9}"
EndProject
Global
	GlobalSection(SolutionConfigurationPlatforms) = preSolution
		Debug|Any CPU = Debug|Any CPU
		Release|Any CPU = Release|Any CPU
	EndGlobalSection
	GlobalSection(ProjectConfigurationPlatforms) = postSolution
		{7EA84701-5247-433A-A60A-1ECEED6D69E9}.Debug|Any CPU.ActiveCfg = Debug|Any CPU
		{7EA84701-5247-433A-A60A-1ECEED6D69E9}.Debug|Any CPU.Build.0 = Debug|Any CPU
		{7EA84701-5247-433A-A60A-1ECEED6D69E9}.Release|Any CPU.ActiveCfg = Release|Any CPU
		{7EA84701-5247-433A-A60A-1ECEED6D69E9}.Release|Any CPU.Build.0 = Release|Any CPU
	EndGlobalSection
	GlobalSection(SolutionProperties) = preSolution
		HideSolutionNode = FALSE
	EndGlobalSection
	GlobalSection(ExtensibilityGlobals) = postSolution
		SolutionGuid = {A635C418-CA31-4031-B577-58A43B6FB2C1}
	EndGlobalSection
EndGlobal
